
Microsoft Visual Studio Solution File, Format Version 12.00
# Visual Studio Version 17
VisualStudioVersion = 17.14.36414.22
MinimumVisualStudioVersion = 10.0.40219.1
Project("{FAE04EC0-301F-11D3-BF4B-00C04F79EFBC}") = "ControleBiblioteca.Api", "ControleBiblioteca.Api\ControleBiblioteca.Api.csproj", "{5DC2A444-4753-4EC8-864F-0EE420F8AD62}"
EndProject
Project("{FAE04EC0-301F-11D3-BF4B-00C04F79EFBC}") = "ControleBiblioteca.Simulador", "ControleBiblioteca.Simulador\ControleBiblioteca.Simulador.csproj", "{94BB1FAE-C1D8-4249-A542-FE5D558B6125}"
EndProject
Project("{FAE04EC0-301F-11D3-BF4B-00C04F79EFBC}") = "ControleBiblioteca.Wpf", "ControleBiblioteca.Wpf\ControleBiblioteca.Wpf.csproj", "{11D4E15D-789D-4D74-A810-6E256C0B5264}"
EndProject
Project("{2150E333-8FDC-42A3-9474-1A3956D46DE8}") = "Itens de Solução", "Itens de Solução", "{380A7511-A354-6D7A-0CC0-8FA1F1BA7B6C}"
	ProjectSection(SolutionItems) = preProject
		.gitignore = .gitignore
	EndProjectSection
EndProject
Global
	GlobalSection(SolutionConfigurationPlatforms) = preSolution
		Debug|Any CPU = Debug|Any CPU
		Release|Any CPU = Release|Any CPU
	EndGlobalSection
	GlobalSection(ProjectConfigurationPlatforms) = postSolution
		{5DC2A444-4753-4EC8-864F-0EE420F8AD62}.Debug|Any CPU.ActiveCfg = Debug|Any CPU
		{5DC2A444-4753-4EC8-864F-0EE420F8AD62}.Debug|Any CPU.Build.0 = Debug|Any CPU
		{5DC2A444-4753-4EC8-864F-0EE420F8AD62}.Release|Any CPU.ActiveCfg = Release|Any CPU
		{5DC2A444-4753-4EC8-864F-0EE420F8AD62}.Release|Any CPU.Build.0 = Release|Any CPU
		{94BB1FAE-C1D8-4249-A542-FE5D558B6125}.Debug|Any CPU.ActiveCfg = Debug|Any CPU
		{94BB1FAE-C1D8-4249-A542-FE5D558B6125}.Debug|Any CPU.Build.0 = Debug|Any CPU
		{94BB1FAE-C1D8-4249-A542-FE5D558B6125}.Release|Any CPU.ActiveCfg = Release|Any CPU
		{94BB1FAE-C1D8-4249-A542-FE5D558B6125}.Release|Any CPU.Build.0 = Release|Any CPU
		{11D4E15D-789D-4D74-A810-6E256C0B5264}.Debug|Any CPU.ActiveCfg = Debug|Any CPU
		{11D4E15D-789D-4D74-A810-6E256C0B5264}.Debug|Any CPU.Build.0 = Debug|Any CPU
		{11D4E15D-789D-4D74-A810-6E256C0B5264}.Release|Any CPU.ActiveCfg = Release|Any CPU
		{11D4E15D-789D-4D74-A810-6E256C0B5264}.Release|Any CPU.Build.0 = Release|Any CPU
	EndGlobalSection
	GlobalSection(SolutionProperties) = preSolution
		HideSolutionNode = FALSE
	EndGlobalSection
	GlobalSection(ExtensibilityGlobals) = postSolution
		SolutionGuid = {0782103C-3C1B-47C8-A077-92093DB4D6A9}
	EndGlobalSection
EndGlobal
